
Microsoft Visual Studio Solution File, Format Version 12.00
# Visual Studio Version 17
VisualStudioVersion = 17.1.32407.343
MinimumVisualStudioVersion = 10.0.40219.1
Project("{FAE04EC0-301F-11D3-BF4B-00C04F79EFBC}") = "exercicio4avaliaçaodjalma", "exercicio4avaliaçaodjalma.csproj", "{9484049C-E6D6-4E9A-9AEE-20C615968F8A}"
EndProject
Global
	GlobalSection(SolutionConfigurationPlatforms) = preSolution
		Debug|Any CPU = Debug|Any CPU
		Release|Any CPU = Release|Any CPU
	EndGlobalSection
	GlobalSection(ProjectConfigurationPlatforms) = postSolution
		{9484049C-E6D6-4E9A-9AEE-20C615968F8A}.Debug|Any CPU.ActiveCfg = Debug|Any CPU
		{9484049C-E6D6-4E9A-9AEE-20C615968F8A}.Debug|Any CPU.Build.0 = Debug|Any CPU
		{9484049C-E6D6-4E9A-9AEE-20C615968F8A}.Release|Any CPU.ActiveCfg = Release|Any CPU
		{9484049C-E6D6-4E9A-9AEE-20C615968F8A}.Release|Any CPU.Build.0 = Release|Any CPU
	EndGlobalSection
	GlobalSection(SolutionProperties) = preSolution
		HideSolutionNode = FALSE
	EndGlobalSection
	GlobalSection(ExtensibilityGlobals) = postSolution
		SolutionGuid = {F177A063-3EBD-41C0-8C2F-7515BC185C5E}
	EndGlobalSection
EndGlobal
